<Solution>
  <Folder Name="/samples/">
    <Project Path="samples/AnnotationApi/AnnotationApi.csproj" />
    <Project Path="samples/ContractApi/ContractApi.csproj" />
  </Folder>
  <Project Path="Rivet.Attributes/Rivet.Attributes.csproj" />
  <Project Path="Rivet.Tests/Rivet.Tests.csproj" />
  <Project Path="Rivet.Tool/Rivet.Tool.csproj" />
</Solution>
